// !$*UTF8*$!
{
	archiveVersion = 1;
	classes = {
	};
	objectVersion = 50;
	objects = {

/* Begin PBXBuildFile section */
		2E9DDE1B229F7805001F5B2C /* UsefulFunctions.swift in Sources */ = {isa = PBXBuildFile; fileRef = 2E9DDE1A229F7805001F5B2C /* UsefulFunctions.swift */; };
		2EB6F604229E752D009915A4 /* AppDelegate.swift in Sources */ = {isa = PBXBuildFile; fileRef = 2EB6F603229E752D009915A4 /* AppDelegate.swift */; };
		2EB6F606229E752D009915A4 /* ViewController.swift in Sources */ = {isa = PBXBuildFile; fileRef = 2EB6F605229E752D009915A4 /* ViewController.swift */; };
		2EB6F609229E752D009915A4 /* Main.storyboard in Resources */ = {isa = PBXBuildFile; fileRef = 2EB6F607229E752D009915A4 /* Main.storyboard */; };
		2EB6F60B229E752E009915A4 /* Assets.xcassets in Resources */ = {isa = PBXBuildFile; fileRef = 2EB6F60A229E752E009915A4 /* Assets.xcassets */; };
		2EB6F60E229E752E009915A4 /* LaunchScreen.storyboard in Resources */ = {isa = PBXBuildFile; fileRef = 2EB6F60C229E752E009915A4 /* LaunchScreen.storyboard */; };
/* End PBXBuildFile section */

/* Begin PBXFileReference section */
		2E9DDE1A229F7805001F5B2C /* UsefulFunctions.swift */ = {isa = PBXFileReference; lastKnownFileType = sourcecode.swift; path = UsefulFunctions.swift; sourceTree = "<group>"; };
		2EB6F600229E752D009915A4 /* CoreLocationMotion-Data-Logger.app */ = {isa = PBXFileReference; explicitFileType = wrapper.application; includeInIndex = 0; path = "CoreLocationMotion-Data-Logger.app"; sourceTree = BUILT_PRODUCTS_DIR; };
		2EB6F603229E752D009915A4 /* AppDelegate.swift */ = {isa = PBXFileReference; lastKnownFileType = sourcecode.swift; path = AppDelegate.swift; sourceTree = "<group>"; };
		2EB6F605229E752D009915A4 /* ViewController.swift */ = {isa = PBXFileReference; lastKnownFileType = sourcecode.swift; path = ViewController.swift; sourceTree = "<group>"; };
		2EB6F608229E752D009915A4 /* Base */ = {isa = PBXFileReference; lastKnownFileType = file.storyboard; name = Base; path = Base.lproj/Main.storyboard; sourceTree = "<group>"; };
		2EB6F60A229E752E009915A4 /* Assets.xcassets */ = {isa = PBXFileReference; lastKnownFileType = folder.assetcatalog; path = Assets.xcassets; sourceTree = "<group>"; };
		2EB6F60D229E752E009915A4 /* Base */ = {isa = PBXFileReference; lastKnownFileType = file.storyboard; name = Base; path = Base.lproj/LaunchScreen.storyboard; sourceTree = "<group>"; };
		2EB6F60F229E752E009915A4 /* Info.plist */ = {isa = PBXFileReference; lastKnownFileType = text.plist.xml; path = Info.plist; sourceTree = "<group>"; };
/* End PBXFileReference section */

/* Begin PBXFrameworksBuildPhase section */
		2EB6F5FD229E752D009915A4 /* Frameworks */ = {
			isa = PBXFrameworksBuildPhase;
			buildActionMask = 2147483647;
			files = (
			);
			runOnlyForDeploymentPostprocessing = 0;
		};
/* End PBXFrameworksBuildPhase section */

/* Begin PBXGroup section */
		2EB6F5F7229E752D009915A4 = {
			isa = PBXGroup;
			children = (
				2EB6F602229E752D009915A4 /* CoreLocationMotion-Data-Logger */,
				2EB6F601229E752D009915A4 /* Products */,
			);
			sourceTree = "<group>";
		};
		2EB6F601229E752D009915A4 /* Products */ = {
			isa = PBXGroup;
			children = (
				2EB6F600229E752D009915A4 /* CoreLocationMotion-Data-Logger.app */,
			);
			name = Products;
			sourceTree = "<group>";
		};
		2EB6F602229E752D009915A4 /* CoreLocationMotion-Data-Logger */ = {
			isa = PBXGroup;
			children = (
				2EB6F603229E752D009915A4 /* AppDelegate.swift */,
				2EB6F605229E752D009915A4 /* ViewController.swift */,
				2EB6F607229E752D009915A4 /* Main.storyboard */,
				2EB6F60A229E752E009915A4 /* Assets.xcassets */,
				2EB6F60C229E752E009915A4 /* LaunchScreen.storyboard */,
				2EB6F60F229E752E009915A4 /* Info.plist */,
				2E9DDE1A229F7805001F5B2C /* UsefulFunctions.swift */,
			);
			path = "CoreLocationMotion-Data-Logger";
			sourceTree = "<group>";
		};
/* End PBXGroup section */

/* Begin PBXNativeTarget section */
		2EB6F5FF229E752D009915A4 /* CoreLocationMotion-Data-Logger */ = {
			isa = PBXNativeTarget;
			buildConfigurationList = 2EB6F612229E752E009915A4 /* Build configuration list for PBXNativeTarget "CoreLocationMotion-Data-Logger" */;
			buildPhases = (
				2EB6F5FC229E752D009915A4 /* Sources */,
				2EB6F5FD229E752D009915A4 /* Frameworks */,
				2EB6F5FE229E752D009915A4 /* Resources */,
			);
			buildRules = (
			);
			dependencies = (
			);
			name = "CoreLocationMotion-Data-Logger";
			productName = "CoreLocationMotion-Data-Logger";
			productReference = 2EB6F600229E752D009915A4 /* CoreLocationMotion-Data-Logger.app */;
			productType = "com.apple.product-type.application";
		};
/* End PBXNativeTarget section */

/* Begin PBXProject section */
		2EB6F5F8229E752D009915A4 /* Project object */ = {
			isa = PBXProject;
			attributes = {
				LastSwiftUpdateCheck = 1020;
				LastUpgradeCheck = 1020;
				ORGANIZATIONNAME = "Pyojin Kim";
				TargetAttributes = {
					2EB6F5FF229E752D009915A4 = {
						CreatedOnToolsVersion = 10.2.1;
					};
				};
			};
			buildConfigurationList = 2EB6F5FB229E752D009915A4 /* Build configuration list for PBXProject "CoreLocationMotion-Data-Logger" */;
			compatibilityVersion = "Xcode 9.3";
			developmentRegion = en;
			hasScannedForEncodings = 0;
			knownRegions = (
				en,
				Base,
			);
			mainGroup = 2EB6F5F7229E752D009915A4;
			productRefGroup = 2EB6F601229E752D009915A4 /* Products */;
			projectDirPath = "";
			projectRoot = "";
			targets = (
				2EB6F5FF229E752D009915A4 /* CoreLocationMotion-Data-Logger */,
			);
		};
/* End PBXProject section */

/* Begin PBXResourcesBuildPhase section */
		2EB6F5FE229E752D009915A4 /* Resources */ = {
			isa = PBXResourcesBuildPhase;
			buildActionMask = 2147483647;
			files = (
				2EB6F60E229E752E009915A4 /* LaunchScreen.storyboard in Resources */,
				2EB6F60B229E752E009915A4 /* Assets.xcassets in Resources */,
				2EB6F609229E752D009915A4 /* Main.storyboard in Resources */,
			);
			runOnlyForDeploymentPostprocessing = 0;
		};
/* End PBXResourcesBuildPhase section */

/* Begin PBXSourcesBuildPhase section */
		2EB6F5FC229E752D009915A4 /* Sources */ = {
			isa = PBXSourcesBuildPhase;
			buildActionMask = 2147483647;
			files = (
				2EB6F606229E752D009915A4 /* ViewController.swift in Sources */,
				2E9DDE1B229F7805001F5B2C /* UsefulFunctions.swift in Sources */,
				2EB6F604229E752D009915A4 /* AppDelegate.swift in Sources */,
			);
			runOnlyForDeploymentPostprocessing = 0;
		};
/* End PBXSourcesBuildPhase section */

/* Begin PBXVariantGroup section */
		2EB6F607229E752D009915A4 /* Main.storyboard */ = {
			isa = PBXVariantGroup;
			children = (
				2EB6F608229E752D009915A4 /* Base */,
			);
			name = Main.storyboard;
			sourceTree = "<group>";
		};
		2EB6F60C229E752E009915A4 /* LaunchScreen.storyboard */ = {
			isa = PBXVariantGroup;
			children = (
				2EB6F60D229E752E009915A4 /* Base */,
			);
			name = LaunchScreen.storyboard;
			sourceTree = "<group>";
		};
/* End PBXVariantGroup section */

/* Begin XCBuildConfiguration section */
		2EB6F610229E752E009915A4 /* Debug */ = {
			isa = XCBuildConfiguration;
			buildSettings = {
				ALWAYS_SEARCH_USER_PATHS = NO;
				CLANG_ANALYZER_NONNULL = YES;
				CLANG_ANALYZER_NUMBER_OBJECT_CONVERSION = YES_AGGRESSIVE;
				CLANG_CXX_LANGUAGE_STANDARD = "gnu++14";
				CLANG_CXX_LIBRARY = "libc++";
				CLANG_ENABLE_MODULES = YES;
				CLANG_ENABLE_OBJC_ARC = YES;
				CLANG_ENABLE_OBJC_WEAK = YES;
				CLANG_WARN_BLOCK_CAPTURE_AUTORELEASING = YES;
				CLANG_WARN_BOOL_CONVERSION = YES;
				CLANG_WARN_COMMA = YES;
				CLANG_WARN_CONSTANT_CONVERSION = YES;
				CLANG_WARN_DEPRECATED_OBJC_IMPLEMENTATIONS = YES;
				CLANG_WARN_DIRECT_OBJC_ISA_USAGE = YES_ERROR;
				CLANG_WARN_DOCUMENTATION_COMMENTS = YES;
				CLANG_WARN_EMPTY_BODY = YES;
				CLANG_WARN_ENUM_CONVERSION = YES;
				CLANG_WARN_INFINITE_RECURSION = YES;
				CLANG_WARN_INT_CONVERSION = YES;
				CLANG_WARN_NON_LITERAL_NULL_CONVERSION = YES;
				CLANG_WARN_OBJC_IMPLICIT_RETAIN_SELF = YES;
				CLANG_WARN_OBJC_LITERAL_CONVERSION = YES;
				CLANG_WARN_OBJC_ROOT_CLASS = YES_ERROR;
				CLANG_WARN_RANGE_LOOP_ANALYSIS = YES;
				CLANG_WARN_STRICT_PROTOTYPES = YES;
				CLANG_WARN_SUSPICIOUS_MOVE = YES;
				CLANG_WARN_UNGUARDED_AVAILABILITY = YES_AGGRESSIVE;
				CLANG_WARN_UNREACHABLE_CODE = YES;
				CLANG_WARN__DUPLICATE_METHOD_MATCH = YES;
				CODE_SIGN_IDENTITY = "iPhone Developer";
				COPY_PHASE_STRIP = NO;
				DEBUG_INFORMATION_FORMAT = dwarf;
				ENABLE_STRICT_OBJC_MSGSEND = YES;
				ENABLE_TESTABILITY = YES;
				GCC_C_LANGUAGE_STANDARD = gnu11;
				GCC_DYNAMIC_NO_PIC = NO;
				GCC_NO_COMMON_BLOCKS = YES;
				GCC_OPTIMIZATION_LEVEL = 0;
				GCC_PREPROCESSOR_DEFINITIONS = (
					"DEBUG=1",
					"$(inherited)",
				);
				GCC_WARN_64_TO_32_BIT_CONVERSION = YES;
				GCC_WARN_ABOUT_RETURN_TYPE = YES_ERROR;
				GCC_WARN_UNDECLARED_SELECTOR = YES;
				GCC_WARN_UNINITIALIZED_AUTOS = YES_AGGRESSIVE;
				GCC_WARN_UNUSED_FUNCTION = YES;
				GCC_WARN_UNUSED_VARIABLE = YES;
				IPHONEOS_DEPLOYMENT_TARGET = 12.2;
				MTL_ENABLE_DEBUG_INFO = INCLUDE_SOURCE;
				MTL_FAST_MATH = YES;
				ONLY_ACTIVE_ARCH = YES;
				SDKROOT = iphoneos;
				SWIFT_ACTIVE_COMPILATION_CONDITIONS = DEBUG;
				SWIFT_OPTIMIZATION_LEVEL = "-Onone";
			};
			name = Debug;
		};
		2EB6F611229E752E009915A4 /* Release */ = {
			isa = XCBuildConfiguration;
			buildSettings = {
				ALWAYS_SEARCH_USER_PATHS = NO;
				CLANG_ANALYZER_NONNULL = YES;
				CLANG_ANALYZER_NUMBER_OBJECT_CONVERSION = YES_AGGRESSIVE;
				CLANG_CXX_LANGUAGE_STANDARD = "gnu++14";
				CLANG_CXX_LIBRARY = "libc++";
				CLANG_ENABLE_MODULES = YES;
				CLANG_ENABLE_OBJC_ARC = YES;
				CLANG_ENABLE_OBJC_WEAK = YES;
				CLANG_WARN_BLOCK_CAPTURE_AUTORELEASING = YES;
				CLANG_WARN_BOOL_CONVERSION = YES;
				CLANG_WARN_COMMA = YES;
				CLANG_WARN_CONSTANT_CONVERSION = YES;
				CLANG_WARN_DEPRECATED_OBJC_IMPLEMENTATIONS = YES;
				CLANG_WARN_DIRECT_OBJC_ISA_USAGE = YES_ERROR;
				CLANG_WARN_DOCUMENTATION_COMMENTS = YES;
				CLANG_WARN_EMPTY_BODY = YES;
				CLANG_WARN_ENUM_CONVERSION = YES;
				CLANG_WARN_INFINITE_RECURSION = YES;
				CLANG_WARN_INT_CONVERSION = YES;
				CLANG_WARN_NON_LITERAL_NULL_CONVERSION = YES;
				CLANG_WARN_OBJC_IMPLICIT_RETAIN_SELF = YES;
				CLANG_WARN_OBJC_LITERAL_CONVERSION = YES;
				CLANG_WARN_OBJC_ROOT_CLASS = YES_ERROR;
				CLANG_WARN_RANGE_LOOP_ANALYSIS = YES;
				CLANG_WARN_STRICT_PROTOTYPES = YES;
				CLANG_WARN_SUSPICIOUS_MOVE = YES;
				CLANG_WARN_UNGUARDED_AVAILABILITY = YES_AGGRESSIVE;
				CLANG_WARN_UNREACHABLE_CODE = YES;
				CLANG_WARN__DUPLICATE_METHOD_MATCH = YES;
				CODE_SIGN_IDENTITY = "iPhone Developer";
				COPY_PHASE_STRIP = NO;
				DEBUG_INFORMATION_FORMAT = "dwarf-with-dsym";
				ENABLE_NS_ASSERTIONS = NO;
				ENABLE_STRICT_OBJC_MSGSEND = YES;
				GCC_C_LANGUAGE_STANDARD = gnu11;
				GCC_NO_COMMON_BLOCKS = YES;
				GCC_WARN_64_TO_32_BIT_CONVERSION = YES;
				GCC_WARN_ABOUT_RETURN_TYPE = YES_ERROR;
				GCC_WARN_UNDECLARED_SELECTOR = YES;
				GCC_WARN_UNINITIALIZED_AUTOS = YES_AGGRESSIVE;
				GCC_WARN_UNUSED_FUNCTION = YES;
				GCC_WARN_UNUSED_VARIABLE = YES;
				IPHONEOS_DEPLOYMENT_TARGET = 12.2;
				MTL_ENABLE_DEBUG_INFO = NO;
				MTL_FAST_MATH = YES;
				SDKROOT = iphoneos;
				SWIFT_COMPILATION_MODE = wholemodule;
				SWIFT_OPTIMIZATION_LEVEL = "-O";
				VALIDATE_PRODUCT = YES;
			};
			name = Release;
		};
		2EB6F613229E752E009915A4 /* Debug */ = {
			isa = XCBuildConfiguration;
			buildSettings = {
				ASSETCATALOG_COMPILER_APPICON_NAME = AppIcon;
				CODE_SIGN_STYLE = Automatic;
				DEVELOPMENT_TEAM = RVXJ8FM9Z4;
				INFOPLIST_FILE = "CoreLocationMotion-Data-Logger/Info.plist";
				LD_RUNPATH_SEARCH_PATHS = (
					"$(inherited)",
					"@executable_path/Frameworks",
				);
				PRODUCT_BUNDLE_IDENTIFIER = "com.pjinkim.CoreLocationMotion-Data-Logger";
				PRODUCT_NAME = "$(TARGET_NAME)";
				SWIFT_VERSION = 5.0;
				TARGETED_DEVICE_FAMILY = "1,2";
			};
			name = Debug;
		};
		2EB6F614229E752E009915A4 /* Release */ = {
			isa = XCBuildConfiguration;
			buildSettings = {
				ASSETCATALOG_COMPILER_APPICON_NAME = AppIcon;
				CODE_SIGN_STYLE = Automatic;
				DEVELOPMENT_TEAM = RVXJ8FM9Z4;
				INFOPLIST_FILE = "CoreLocationMotion-Data-Logger/Info.plist";
				LD_RUNPATH_SEARCH_PATHS = (
					"$(inherited)",
					"@executable_path/Frameworks",
				);
				PRODUCT_BUNDLE_IDENTIFIER = "com.pjinkim.CoreLocationMotion-Data-Logger";
				PRODUCT_NAME = "$(TARGET_NAME)";
				SWIFT_VERSION = 5.0;
				TARGETED_DEVICE_FAMILY = "1,2";
			};
			name = Release;
		};
/* End XCBuildConfiguration section */

/* Begin XCConfigurationList section */
		2EB6F5FB229E752D009915A4 /* Build configuration list for PBXProject "CoreLocationMotion-Data-Logger" */ = {
			isa = XCConfigurationList;
			buildConfigurations = (
				2EB6F610229E752E009915A4 /* Debug */,
				2EB6F611229E752E009915A4 /* Release */,
			);
			defaultConfigurationIsVisible = 0;
			defaultConfigurationName = Release;
		};
		2EB6F612229E752E009915A4 /* Build configuration list for PBXNativeTarget "CoreLocationMotion-Data-Logger" */ = {
			isa = XCConfigurationList;
			buildConfigurations = (
				2EB6F613229E752E009915A4 /* Debug */,
				2EB6F614229E752E009915A4 /* Release */,
			);
			defaultConfigurationIsVisible = 0;
			defaultConfigurationName = Release;
		};
/* End XCConfigurationList section */
	};
	rootObject = 2EB6F5F8229E752D009915A4 /* Project object */;
}
